// !$*UTF8*$!
{
	archiveVersion = 1;
	classes = {
	};
	objectVersion = 50;
	objects = {

/* Begin PBXBuildFile section */
		D83CEBE62572888200DB81EC /* Item.swift in Sources */ = {isa = PBXBuildFile; fileRef = D83CEBE52572888200DB81EC /* Item.swift */; };
		D859B1B3258148AE0044BCDD /* CompletedListView.swift in Sources */ = {isa = PBXBuildFile; fileRef = D859B1B2258148AE0044BCDD /* CompletedListView.swift */; };
		D859B1BB2584EE950044BCDD /* Dates.swift in Sources */ = {isa = PBXBuildFile; fileRef = D859B1BA2584EE950044BCDD /* Dates.swift */; };
		D859B1C925895DB80044BCDD /* EditPopUp.swift in Sources */ = {isa = PBXBuildFile; fileRef = D859B1C825895DB80044BCDD /* EditPopUp.swift */; };
		D8C55F0E2569350E00DA7AB2 /* AppDelegate.swift in Sources */ = {isa = PBXBuildFile; fileRef = D8C55F0D2569350E00DA7AB2 /* AppDelegate.swift */; };
		D8C55F102569350E00DA7AB2 /* SceneDelegate.swift in Sources */ = {isa = PBXBuildFile; fileRef = D8C55F0F2569350E00DA7AB2 /* SceneDelegate.swift */; };
		D8C55F132569350E00DA7AB2 /* FinTraker.xcdatamodeld in Sources */ = {isa = PBXBuildFile; fileRef = D8C55F112569350E00DA7AB2 /* FinTraker.xcdatamodeld */; };
		D8C55F152569350E00DA7AB2 /* HomeView.swift in Sources */ = {isa = PBXBuildFile; fileRef = D8C55F142569350E00DA7AB2 /* HomeView.swift */; };
		D8C55F172569351100DA7AB2 /* Assets.xcassets in Resources */ = {isa = PBXBuildFile; fileRef = D8C55F162569351100DA7AB2 /* Assets.xcassets */; };
		D8C55F1A2569351100DA7AB2 /* Preview Assets.xcassets in Resources */ = {isa = PBXBuildFile; fileRef = D8C55F192569351100DA7AB2 /* Preview Assets.xcassets */; };
		D8C55F1D2569351100DA7AB2 /* LaunchScreen.storyboard in Resources */ = {isa = PBXBuildFile; fileRef = D8C55F1B2569351100DA7AB2 /* LaunchScreen.storyboard */; };
		D8C55F25256AAA2300DA7AB2 /* AppView.swift in Sources */ = {isa = PBXBuildFile; fileRef = D8C55F24256AAA2300DA7AB2 /* AppView.swift */; };
		D8C55F29256D8D7100DA7AB2 /* AddPopUp.swift in Sources */ = {isa = PBXBuildFile; fileRef = D8C55F28256D8D7000DA7AB2 /* AddPopUp.swift */; };
/* End PBXBuildFile section */

/* Begin PBXFileReference section */
		D83CEBE52572888200DB81EC /* Item.swift */ = {isa = PBXFileReference; lastKnownFileType = sourcecode.swift; path = Item.swift; sourceTree = "<group>"; };
		D859B1B2258148AE0044BCDD /* CompletedListView.swift */ = {isa = PBXFileReference; lastKnownFileType = sourcecode.swift; path = CompletedListView.swift; sourceTree = "<group>"; };
		D859B1BA2584EE950044BCDD /* Dates.swift */ = {isa = PBXFileReference; lastKnownFileType = sourcecode.swift; path = Dates.swift; sourceTree = "<group>"; };
		D859B1C825895DB80044BCDD /* EditPopUp.swift */ = {isa = PBXFileReference; lastKnownFileType = sourcecode.swift; path = EditPopUp.swift; sourceTree = "<group>"; };
		D8C55F0A2569350E00DA7AB2 /* FinTraker.app */ = {isa = PBXFileReference; explicitFileType = wrapper.application; includeInIndex = 0; path = FinTraker.app; sourceTree = BUILT_PRODUCTS_DIR; };
		D8C55F0D2569350E00DA7AB2 /* AppDelegate.swift */ = {isa = PBXFileReference; lastKnownFileType = sourcecode.swift; path = AppDelegate.swift; sourceTree = "<group>"; };
		D8C55F0F2569350E00DA7AB2 /* SceneDelegate.swift */ = {isa = PBXFileReference; lastKnownFileType = sourcecode.swift; path = SceneDelegate.swift; sourceTree = "<group>"; };
		D8C55F122569350E00DA7AB2 /* FinTraker.xcdatamodel */ = {isa = PBXFileReference; lastKnownFileType = wrapper.xcdatamodel; path = FinTraker.xcdatamodel; sourceTree = "<group>"; };
		D8C55F142569350E00DA7AB2 /* HomeView.swift */ = {isa = PBXFileReference; lastKnownFileType = sourcecode.swift; path = HomeView.swift; sourceTree = "<group>"; };
		D8C55F162569351100DA7AB2 /* Assets.xcassets */ = {isa = PBXFileReference; lastKnownFileType = folder.assetcatalog; path = Assets.xcassets; sourceTree = "<group>"; };
		D8C55F192569351100DA7AB2 /* Preview Assets.xcassets */ = {isa = PBXFileReference; lastKnownFileType = folder.assetcatalog; path = "Preview Assets.xcassets"; sourceTree = "<group>"; };
		D8C55F1C2569351100DA7AB2 /* Base */ = {isa = PBXFileReference; lastKnownFileType = file.storyboard; name = Base; path = Base.lproj/LaunchScreen.storyboard; sourceTree = "<group>"; };
		D8C55F1E2569351100DA7AB2 /* Info.plist */ = {isa = PBXFileReference; lastKnownFileType = text.plist.xml; path = Info.plist; sourceTree = "<group>"; };
		D8C55F24256AAA2300DA7AB2 /* AppView.swift */ = {isa = PBXFileReference; lastKnownFileType = sourcecode.swift; path = AppView.swift; sourceTree = "<group>"; };
		D8C55F28256D8D7000DA7AB2 /* AddPopUp.swift */ = {isa = PBXFileReference; lastKnownFileType = sourcecode.swift; path = AddPopUp.swift; sourceTree = "<group>"; };
/* End PBXFileReference section */

/* Begin PBXFrameworksBuildPhase section */
		D8C55F072569350E00DA7AB2 /* Frameworks */ = {
			isa = PBXFrameworksBuildPhase;
			buildActionMask = 2147483647;
			files = (
			);
			runOnlyForDeploymentPostprocessing = 0;
		};
/* End PBXFrameworksBuildPhase section */

/* Begin PBXGroup section */
		D859B1CB25895EF10044BCDD /* Views */ = {
			isa = PBXGroup;
			children = (
				D8C55F142569350E00DA7AB2 /* HomeView.swift */,
				D8C55F28256D8D7000DA7AB2 /* AddPopUp.swift */,
				D859B1C825895DB80044BCDD /* EditPopUp.swift */,
			);
			path = Views;
			sourceTree = "<group>";
		};
		D8C55F012569350E00DA7AB2 = {
			isa = PBXGroup;
			children = (
				D8C55F0C2569350E00DA7AB2 /* FinTraker */,
				D8C55F0B2569350E00DA7AB2 /* Products */,
			);
			sourceTree = "<group>";
		};
		D8C55F0B2569350E00DA7AB2 /* Products */ = {
			isa = PBXGroup;
			children = (
				D8C55F0A2569350E00DA7AB2 /* FinTraker.app */,
			);
			name = Products;
			sourceTree = "<group>";
		};
		D8C55F0C2569350E00DA7AB2 /* FinTraker */ = {
			isa = PBXGroup;
			children = (
				D8C55F0D2569350E00DA7AB2 /* AppDelegate.swift */,
				D8C55F0F2569350E00DA7AB2 /* SceneDelegate.swift */,
				D859B1CB25895EF10044BCDD /* Views */,
				D859B1BA2584EE950044BCDD /* Dates.swift */,
				D83CEBE52572888200DB81EC /* Item.swift */,
				D8C55F24256AAA2300DA7AB2 /* AppView.swift */,
				D859B1B2258148AE0044BCDD /* CompletedListView.swift */,
				D8C55F162569351100DA7AB2 /* Assets.xcassets */,
				D8C55F1B2569351100DA7AB2 /* LaunchScreen.storyboard */,
				D8C55F1E2569351100DA7AB2 /* Info.plist */,
				D8C55F112569350E00DA7AB2 /* FinTraker.xcdatamodeld */,
				D8C55F182569351100DA7AB2 /* Preview Content */,
			);
			path = FinTraker;
			sourceTree = "<group>";
		};
		D8C55F182569351100DA7AB2 /* Preview Content */ = {
			isa = PBXGroup;
			children = (
				D8C55F192569351100DA7AB2 /* Preview Assets.xcassets */,
			);
			path = "Preview Content";
			sourceTree = "<group>";
		};
/* End PBXGroup section */

/* Begin PBXNativeTarget section */
		D8C55F092569350E00DA7AB2 /* FinTraker */ = {
			isa = PBXNativeTarget;
			buildConfigurationList = D8C55F212569351100DA7AB2 /* Build configuration list for PBXNativeTarget "FinTraker" */;
			buildPhases = (
				D8C55F062569350E00DA7AB2 /* Sources */,
				D8C55F072569350E00DA7AB2 /* Frameworks */,
				D8C55F082569350E00DA7AB2 /* Resources */,
			);
			buildRules = (
			);
			dependencies = (
			);
			name = FinTraker;
			productName = FinTraker;
			productReference = D8C55F0A2569350E00DA7AB2 /* FinTraker.app */;
			productType = "com.apple.product-type.application";
		};
/* End PBXNativeTarget section */

/* Begin PBXProject section */
		D8C55F022569350E00DA7AB2 /* Project object */ = {
			isa = PBXProject;
			attributes = {
				LastSwiftUpdateCheck = 1170;
				LastUpgradeCheck = 1170;
				ORGANIZATIONNAME = "Joseph Taylor";
				TargetAttributes = {
					D8C55F092569350E00DA7AB2 = {
						CreatedOnToolsVersion = 11.7;
					};
				};
			};
			buildConfigurationList = D8C55F052569350E00DA7AB2 /* Build configuration list for PBXProject "FinTraker" */;
			compatibilityVersion = "Xcode 9.3";
			developmentRegion = en;
			hasScannedForEncodings = 0;
			knownRegions = (
				en,
				Base,
			);
			mainGroup = D8C55F012569350E00DA7AB2;
			productRefGroup = D8C55F0B2569350E00DA7AB2 /* Products */;
			projectDirPath = "";
			projectRoot = "";
			targets = (
				D8C55F092569350E00DA7AB2 /* FinTraker */,
			);
		};
/* End PBXProject section */

/* Begin PBXResourcesBuildPhase section */
		D8C55F082569350E00DA7AB2 /* Resources */ = {
			isa = PBXResourcesBuildPhase;
			buildActionMask = 2147483647;
			files = (
				D8C55F1D2569351100DA7AB2 /* LaunchScreen.storyboard in Resources */,
				D8C55F1A2569351100DA7AB2 /* Preview Assets.xcassets in Resources */,
				D8C55F172569351100DA7AB2 /* Assets.xcassets in Resources */,
			);
			runOnlyForDeploymentPostprocessing = 0;
		};
/* End PBXResourcesBuildPhase section */

/* Begin PBXSourcesBuildPhase section */
		D8C55F062569350E00DA7AB2 /* Sources */ = {
			isa = PBXSourcesBuildPhase;
			buildActionMask = 2147483647;
			files = (
				D8C55F132569350E00DA7AB2 /* FinTraker.xcdatamodeld in Sources */,
				D83CEBE62572888200DB81EC /* Item.swift in Sources */,
				D8C55F0E2569350E00DA7AB2 /* AppDelegate.swift in Sources */,
				D859B1C925895DB80044BCDD /* EditPopUp.swift in Sources */,
				D8C55F152569350E00DA7AB2 /* HomeView.swift in Sources */,
				D859B1BB2584EE950044BCDD /* Dates.swift in Sources */,
				D8C55F25256AAA2300DA7AB2 /* AppView.swift in Sources */,
				D8C55F102569350E00DA7AB2 /* SceneDelegate.swift in Sources */,
				D859B1B3258148AE0044BCDD /* CompletedListView.swift in Sources */,
				D8C55F29256D8D7100DA7AB2 /* AddPopUp.swift in Sources */,
			);
			runOnlyForDeploymentPostprocessing = 0;
		};
/* End PBXSourcesBuildPhase section */

/* Begin PBXVariantGroup section */
		D8C55F1B2569351100DA7AB2 /* LaunchScreen.storyboard */ = {
			isa = PBXVariantGroup;
			children = (
				D8C55F1C2569351100DA7AB2 /* Base */,
			);
			name = LaunchScreen.storyboard;
			sourceTree = "<group>";
		};
/* End PBXVariantGroup section */

/* Begin XCBuildConfiguration section */
		D8C55F1F2569351100DA7AB2 /* Debug */ = {
			isa = XCBuildConfiguration;
			buildSettings = {
				ALWAYS_SEARCH_USER_PATHS = NO;
				CLANG_ANALYZER_NONNULL = YES;
				CLANG_ANALYZER_NUMBER_OBJECT_CONVERSION = YES_AGGRESSIVE;
				CLANG_CXX_LANGUAGE_STANDARD = "gnu++14";
				CLANG_CXX_LIBRARY = "libc++";
				CLANG_ENABLE_MODULES = YES;
				CLANG_ENABLE_OBJC_ARC = YES;
				CLANG_ENABLE_OBJC_WEAK = YES;
				CLANG_WARN_BLOCK_CAPTURE_AUTORELEASING = YES;
				CLANG_WARN_BOOL_CONVERSION = YES;
				CLANG_WARN_COMMA = YES;
				CLANG_WARN_CONSTANT_CONVERSION = YES;
				CLANG_WARN_DEPRECATED_OBJC_IMPLEMENTATIONS = YES;
				CLANG_WARN_DIRECT_OBJC_ISA_USAGE = YES_ERROR;
				CLANG_WARN_DOCUMENTATION_COMMENTS = YES;
				CLANG_WARN_EMPTY_BODY = YES;
				CLANG_WARN_ENUM_CONVERSION = YES;
				CLANG_WARN_INFINITE_RECURSION = YES;
				CLANG_WARN_INT_CONVERSION = YES;
				CLANG_WARN_NON_LITERAL_NULL_CONVERSION = YES;
				CLANG_WARN_OBJC_IMPLICIT_RETAIN_SELF = YES;
				CLANG_WARN_OBJC_LITERAL_CONVERSION = YES;
				CLANG_WARN_OBJC_ROOT_CLASS = YES_ERROR;
				CLANG_WARN_RANGE_LOOP_ANALYSIS = YES;
				CLANG_WARN_STRICT_PROTOTYPES = YES;
				CLANG_WARN_SUSPICIOUS_MOVE = YES;
				CLANG_WARN_UNGUARDED_AVAILABILITY = YES_AGGRESSIVE;
				CLANG_WARN_UNREACHABLE_CODE = YES;
				CLANG_WARN__DUPLICATE_METHOD_MATCH = YES;
				COPY_PHASE_STRIP = NO;
				DEBUG_INFORMATION_FORMAT = dwarf;
				ENABLE_STRICT_OBJC_MSGSEND = YES;
				ENABLE_TESTABILITY = YES;
				GCC_C_LANGUAGE_STANDARD = gnu11;
				GCC_DYNAMIC_NO_PIC = NO;
				GCC_NO_COMMON_BLOCKS = YES;
				GCC_OPTIMIZATION_LEVEL = 0;
				GCC_PREPROCESSOR_DEFINITIONS = (
					"DEBUG=1",
					"$(inherited)",
				);
				GCC_WARN_64_TO_32_BIT_CONVERSION = YES;
				GCC_WARN_ABOUT_RETURN_TYPE = YES_ERROR;
				GCC_WARN_UNDECLARED_SELECTOR = YES;
				GCC_WARN_UNINITIALIZED_AUTOS = YES_AGGRESSIVE;
				GCC_WARN_UNUSED_FUNCTION = YES;
				GCC_WARN_UNUSED_VARIABLE = YES;
				IPHONEOS_DEPLOYMENT_TARGET = 13.7;
				MTL_ENABLE_DEBUG_INFO = INCLUDE_SOURCE;
				MTL_FAST_MATH = YES;
				ONLY_ACTIVE_ARCH = YES;
				SDKROOT = iphoneos;
				SWIFT_ACTIVE_COMPILATION_CONDITIONS = DEBUG;
				SWIFT_OPTIMIZATION_LEVEL = "-Onone";
			};
			name = Debug;
		};
		D8C55F202569351100DA7AB2 /* Release */ = {
			isa = XCBuildConfiguration;
			buildSettings = {
				ALWAYS_SEARCH_USER_PATHS = NO;
				CLANG_ANALYZER_NONNULL = YES;
				CLANG_ANALYZER_NUMBER_OBJECT_CONVERSION = YES_AGGRESSIVE;
				CLANG_CXX_LANGUAGE_STANDARD = "gnu++14";
				CLANG_CXX_LIBRARY = "libc++";
				CLANG_ENABLE_MODULES = YES;
				CLANG_ENABLE_OBJC_ARC = YES;
				CLANG_ENABLE_OBJC_WEAK = YES;
				CLANG_WARN_BLOCK_CAPTURE_AUTORELEASING = YES;
				CLANG_WARN_BOOL_CONVERSION = YES;
				CLANG_WARN_COMMA = YES;
				CLANG_WARN_CONSTANT_CONVERSION = YES;
				CLANG_WARN_DEPRECATED_OBJC_IMPLEMENTATIONS = YES;
				CLANG_WARN_DIRECT_OBJC_ISA_USAGE = YES_ERROR;
				CLANG_WARN_DOCUMENTATION_COMMENTS = YES;
				CLANG_WARN_EMPTY_BODY = YES;
				CLANG_WARN_ENUM_CONVERSION = YES;
				CLANG_WARN_INFINITE_RECURSION = YES;
				CLANG_WARN_INT_CONVERSION = YES;
				CLANG_WARN_NON_LITERAL_NULL_CONVERSION = YES;
				CLANG_WARN_OBJC_IMPLICIT_RETAIN_SELF = YES;
				CLANG_WARN_OBJC_LITERAL_CONVERSION = YES;
				CLANG_WARN_OBJC_ROOT_CLASS = YES_ERROR;
				CLANG_WARN_RANGE_LOOP_ANALYSIS = YES;
				CLANG_WARN_STRICT_PROTOTYPES = YES;
				CLANG_WARN_SUSPICIOUS_MOVE = YES;
				CLANG_WARN_UNGUARDED_AVAILABILITY = YES_AGGRESSIVE;
				CLANG_WARN_UNREACHABLE_CODE = YES;
				CLANG_WARN__DUPLICATE_METHOD_MATCH = YES;
				COPY_PHASE_STRIP = NO;
				DEBUG_INFORMATION_FORMAT = "dwarf-with-dsym";
				ENABLE_NS_ASSERTIONS = NO;
				ENABLE_STRICT_OBJC_MSGSEND = YES;
				GCC_C_LANGUAGE_STANDARD = gnu11;
				GCC_NO_COMMON_BLOCKS = YES;
				GCC_WARN_64_TO_32_BIT_CONVERSION = YES;
				GCC_WARN_ABOUT_RETURN_TYPE = YES_ERROR;
				GCC_WARN_UNDECLARED_SELECTOR = YES;
				GCC_WARN_UNINITIALIZED_AUTOS = YES_AGGRESSIVE;
				GCC_WARN_UNUSED_FUNCTION = YES;
				GCC_WARN_UNUSED_VARIABLE = YES;
				IPHONEOS_DEPLOYMENT_TARGET = 13.7;
				MTL_ENABLE_DEBUG_INFO = NO;
				MTL_FAST_MATH = YES;
				SDKROOT = iphoneos;
				SWIFT_COMPILATION_MODE = wholemodule;
				SWIFT_OPTIMIZATION_LEVEL = "-O";
				VALIDATE_PRODUCT = YES;
			};
			name = Release;
		};
		D8C55F222569351100DA7AB2 /* Debug */ = {
			isa = XCBuildConfiguration;
			buildSettings = {
				ASSETCATALOG_COMPILER_APPICON_NAME = AppIcon;
				CODE_SIGN_STYLE = Automatic;
				DEVELOPMENT_ASSET_PATHS = "\"FinTraker/Preview Content\"";
				DEVELOPMENT_TEAM = 24YMX7WMLR;
				ENABLE_PREVIEWS = YES;
				INFOPLIST_FILE = FinTraker/Info.plist;
				IPHONEOS_DEPLOYMENT_TARGET = 14.0;
				LD_RUNPATH_SEARCH_PATHS = (
					"$(inherited)",
					"@executable_path/Frameworks",
				);
				PRODUCT_BUNDLE_IDENTIFIER = com.joetaylor.FinTraker;
				PRODUCT_NAME = "$(TARGET_NAME)";
				SWIFT_VERSION = 5.0;
				TARGETED_DEVICE_FAMILY = "1,2";
			};
			name = Debug;
		};
		D8C55F232569351100DA7AB2 /* Release */ = {
			isa = XCBuildConfiguration;
			buildSettings = {
				ASSETCATALOG_COMPILER_APPICON_NAME = AppIcon;
				CODE_SIGN_STYLE = Automatic;
				DEVELOPMENT_ASSET_PATHS = "\"FinTraker/Preview Content\"";
				DEVELOPMENT_TEAM = 24YMX7WMLR;
				ENABLE_PREVIEWS = YES;
				INFOPLIST_FILE = FinTraker/Info.plist;
				IPHONEOS_DEPLOYMENT_TARGET = 14.0;
				LD_RUNPATH_SEARCH_PATHS = (
					"$(inherited)",
					"@executable_path/Frameworks",
				);
				PRODUCT_BUNDLE_IDENTIFIER = com.joetaylor.FinTraker;
				PRODUCT_NAME = "$(TARGET_NAME)";
				SWIFT_VERSION = 5.0;
				TARGETED_DEVICE_FAMILY = "1,2";
			};
			name = Release;
		};
/* End XCBuildConfiguration section */

/* Begin XCConfigurationList section */
		D8C55F052569350E00DA7AB2 /* Build configuration list for PBXProject "FinTraker" */ = {
			isa = XCConfigurationList;
			buildConfigurations = (
				D8C55F1F2569351100DA7AB2 /* Debug */,
				D8C55F202569351100DA7AB2 /* Release */,
			);
			defaultConfigurationIsVisible = 0;
			defaultConfigurationName = Release;
		};
		D8C55F212569351100DA7AB2 /* Build configuration list for PBXNativeTarget "FinTraker" */ = {
			isa = XCConfigurationList;
			buildConfigurations = (
				D8C55F222569351100DA7AB2 /* Debug */,
				D8C55F232569351100DA7AB2 /* Release */,
			);
			defaultConfigurationIsVisible = 0;
			defaultConfigurationName = Release;
		};
/* End XCConfigurationList section */

/* Begin XCVersionGroup section */
		D8C55F112569350E00DA7AB2 /* FinTraker.xcdatamodeld */ = {
			isa = XCVersionGroup;
			children = (
				D8C55F122569350E00DA7AB2 /* FinTraker.xcdatamodel */,
			);
			currentVersion = D8C55F122569350E00DA7AB2 /* FinTraker.xcdatamodel */;
			path = FinTraker.xcdatamodeld;
			sourceTree = "<group>";
			versionGroupType = wrapper.xcdatamodel;
		};
/* End XCVersionGroup section */
	};
	rootObject = D8C55F022569350E00DA7AB2 /* Project object */;
}
